// !$*UTF8*$!
{
	archiveVersion = 1;
	classes = {
	};
	objectVersion = 50;
	objects = {

/* Begin PBXBuildFile section */
		69812FD9238A071D00096F0C /* AppDelegate.swift in Sources */ = {isa = PBXBuildFile; fileRef = 69812FD8238A071D00096F0C /* AppDelegate.swift */; };
		69812FDB238A071D00096F0C /* SceneDelegate.swift in Sources */ = {isa = PBXBuildFile; fileRef = 69812FDA238A071D00096F0C /* SceneDelegate.swift */; };
		69812FDD238A071D00096F0C /* ContentView.swift in Sources */ = {isa = PBXBuildFile; fileRef = 69812FDC238A071D00096F0C /* ContentView.swift */; };
		69812FDF238A072000096F0C /* Assets.xcassets in Resources */ = {isa = PBXBuildFile; fileRef = 69812FDE238A072000096F0C /* Assets.xcassets */; };
		69812FE2238A072000096F0C /* Preview Assets.xcassets in Resources */ = {isa = PBXBuildFile; fileRef = 69812FE1238A072000096F0C /* Preview Assets.xcassets */; };
		69812FE5238A072000096F0C /* LaunchScreen.storyboard in Resources */ = {isa = PBXBuildFile; fileRef = 69812FE3238A072000096F0C /* LaunchScreen.storyboard */; };
		69812FEA238A072000096F0C /* Just Dance B O I I Controller WatchKit App.app in Embed Watch Content */ = {isa = PBXBuildFile; fileRef = 69812FE9238A072000096F0C /* Just Dance B O I I Controller WatchKit App.app */; settings = {ATTRIBUTES = (RemoveHeadersOnCopy, ); }; };
		69812FF0238A072000096F0C /* Interface.storyboard in Resources */ = {isa = PBXBuildFile; fileRef = 69812FEE238A072000096F0C /* Interface.storyboard */; };
		69812FF2238A072100096F0C /* Assets.xcassets in Resources */ = {isa = PBXBuildFile; fileRef = 69812FF1238A072100096F0C /* Assets.xcassets */; };
		69812FF9238A072100096F0C /* Just Dance B O I I Controller WatchKit Extension.appex in Embed App Extensions */ = {isa = PBXBuildFile; fileRef = 69812FF8238A072100096F0C /* Just Dance B O I I Controller WatchKit Extension.appex */; settings = {ATTRIBUTES = (RemoveHeadersOnCopy, ); }; };
		69812FFE238A072100096F0C /* ContentView.swift in Sources */ = {isa = PBXBuildFile; fileRef = 69812FFD238A072100096F0C /* ContentView.swift */; };
		69813000238A072100096F0C /* HostingController.swift in Sources */ = {isa = PBXBuildFile; fileRef = 69812FFF238A072100096F0C /* HostingController.swift */; };
		69813002238A072100096F0C /* ExtensionDelegate.swift in Sources */ = {isa = PBXBuildFile; fileRef = 69813001238A072100096F0C /* ExtensionDelegate.swift */; };
		69813004238A072100096F0C /* NotificationController.swift in Sources */ = {isa = PBXBuildFile; fileRef = 69813003238A072100096F0C /* NotificationController.swift */; };
		69813006238A072100096F0C /* NotificationView.swift in Sources */ = {isa = PBXBuildFile; fileRef = 69813005238A072100096F0C /* NotificationView.swift */; };
		69813008238A072200096F0C /* Assets.xcassets in Resources */ = {isa = PBXBuildFile; fileRef = 69813007238A072200096F0C /* Assets.xcassets */; };
		6981300B238A072200096F0C /* Preview Assets.xcassets in Resources */ = {isa = PBXBuildFile; fileRef = 6981300A238A072200096F0C /* Preview Assets.xcassets */; };
/* End PBXBuildFile section */

/* Begin PBXContainerItemProxy section */
		69812FEB238A072000096F0C /* PBXContainerItemProxy */ = {
			isa = PBXContainerItemProxy;
			containerPortal = 69812FCD238A071D00096F0C /* Project object */;
			proxyType = 1;
			remoteGlobalIDString = 69812FE8238A072000096F0C;
			remoteInfo = "Just Dance B O I I Controller WatchKit App";
		};
		69812FFA238A072100096F0C /* PBXContainerItemProxy */ = {
			isa = PBXContainerItemProxy;
			containerPortal = 69812FCD238A071D00096F0C /* Project object */;
			proxyType = 1;
			remoteGlobalIDString = 69812FF7238A072100096F0C;
			remoteInfo = "Just Dance B O I I Controller WatchKit Extension";
		};
/* End PBXContainerItemProxy section */

/* Begin PBXCopyFilesBuildPhase section */
		69813013238A072200096F0C /* Embed App Extensions */ = {
			isa = PBXCopyFilesBuildPhase;
			buildActionMask = 2147483647;
			dstPath = "";
			dstSubfolderSpec = 13;
			files = (
				69812FF9238A072100096F0C /* Just Dance B O I I Controller WatchKit Extension.appex in Embed App Extensions */,
			);
			name = "Embed App Extensions";
			runOnlyForDeploymentPostprocessing = 0;
		};
		69813017238A072200096F0C /* Embed Watch Content */ = {
			isa = PBXCopyFilesBuildPhase;
			buildActionMask = 2147483647;
			dstPath = "$(CONTENTS_FOLDER_PATH)/Watch";
			dstSubfolderSpec = 16;
			files = (
				69812FEA238A072000096F0C /* Just Dance B O I I Controller WatchKit App.app in Embed Watch Content */,
			);
			name = "Embed Watch Content";
			runOnlyForDeploymentPostprocessing = 0;
		};
/* End PBXCopyFilesBuildPhase section */

/* Begin PBXFileReference section */
		69812FD5238A071D00096F0C /* Just Dance B O I I Controller.app */ = {isa = PBXFileReference; explicitFileType = wrapper.application; includeInIndex = 0; path = "Just Dance B O I I Controller.app"; sourceTree = BUILT_PRODUCTS_DIR; };
		69812FD8238A071D00096F0C /* AppDelegate.swift */ = {isa = PBXFileReference; lastKnownFileType = sourcecode.swift; path = AppDelegate.swift; sourceTree = "<group>"; };
		69812FDA238A071D00096F0C /* SceneDelegate.swift */ = {isa = PBXFileReference; lastKnownFileType = sourcecode.swift; path = SceneDelegate.swift; sourceTree = "<group>"; };
		69812FDC238A071D00096F0C /* ContentView.swift */ = {isa = PBXFileReference; lastKnownFileType = sourcecode.swift; path = ContentView.swift; sourceTree = "<group>"; };
		69812FDE238A072000096F0C /* Assets.xcassets */ = {isa = PBXFileReference; lastKnownFileType = folder.assetcatalog; path = Assets.xcassets; sourceTree = "<group>"; };
		69812FE1238A072000096F0C /* Preview Assets.xcassets */ = {isa = PBXFileReference; lastKnownFileType = folder.assetcatalog; path = "Preview Assets.xcassets"; sourceTree = "<group>"; };
		69812FE4238A072000096F0C /* Base */ = {isa = PBXFileReference; lastKnownFileType = file.storyboard; name = Base; path = Base.lproj/LaunchScreen.storyboard; sourceTree = "<group>"; };
		69812FE6238A072000096F0C /* Info.plist */ = {isa = PBXFileReference; lastKnownFileType = text.plist.xml; path = Info.plist; sourceTree = "<group>"; };
		69812FE9238A072000096F0C /* Just Dance B O I I Controller WatchKit App.app */ = {isa = PBXFileReference; explicitFileType = wrapper.application; includeInIndex = 0; path = "Just Dance B O I I Controller WatchKit App.app"; sourceTree = BUILT_PRODUCTS_DIR; };
		69812FEF238A072000096F0C /* Base */ = {isa = PBXFileReference; lastKnownFileType = file.storyboard; name = Base; path = Base.lproj/Interface.storyboard; sourceTree = "<group>"; };
		69812FF1238A072100096F0C /* Assets.xcassets */ = {isa = PBXFileReference; lastKnownFileType = folder.assetcatalog; path = Assets.xcassets; sourceTree = "<group>"; };
		69812FF3238A072100096F0C /* Info.plist */ = {isa = PBXFileReference; lastKnownFileType = text.plist.xml; path = Info.plist; sourceTree = "<group>"; };
		69812FF8238A072100096F0C /* Just Dance B O I I Controller WatchKit Extension.appex */ = {isa = PBXFileReference; explicitFileType = "wrapper.app-extension"; includeInIndex = 0; path = "Just Dance B O I I Controller WatchKit Extension.appex"; sourceTree = BUILT_PRODUCTS_DIR; };
		69812FFD238A072100096F0C /* ContentView.swift */ = {isa = PBXFileReference; lastKnownFileType = sourcecode.swift; path = ContentView.swift; sourceTree = "<group>"; };
		69812FFF238A072100096F0C /* HostingController.swift */ = {isa = PBXFileReference; lastKnownFileType = sourcecode.swift; path = HostingController.swift; sourceTree = "<group>"; };
		69813001238A072100096F0C /* ExtensionDelegate.swift */ = {isa = PBXFileReference; lastKnownFileType = sourcecode.swift; path = ExtensionDelegate.swift; sourceTree = "<group>"; };
		69813003238A072100096F0C /* NotificationController.swift */ = {isa = PBXFileReference; lastKnownFileType = sourcecode.swift; path = NotificationController.swift; sourceTree = "<group>"; };
		69813005238A072100096F0C /* NotificationView.swift */ = {isa = PBXFileReference; lastKnownFileType = sourcecode.swift; path = NotificationView.swift; sourceTree = "<group>"; };
		69813007238A072200096F0C /* Assets.xcassets */ = {isa = PBXFileReference; lastKnownFileType = folder.assetcatalog; path = Assets.xcassets; sourceTree = "<group>"; };
		6981300A238A072200096F0C /* Preview Assets.xcassets */ = {isa = PBXFileReference; lastKnownFileType = folder.assetcatalog; path = "Preview Assets.xcassets"; sourceTree = "<group>"; };
		6981300C238A072200096F0C /* Info.plist */ = {isa = PBXFileReference; lastKnownFileType = text.plist.xml; path = Info.plist; sourceTree = "<group>"; };
		6981300D238A072200096F0C /* PushNotificationPayload.apns */ = {isa = PBXFileReference; lastKnownFileType = text; path = PushNotificationPayload.apns; sourceTree = "<group>"; };
/* End PBXFileReference section */

/* Begin PBXFrameworksBuildPhase section */
		69812FD2238A071D00096F0C /* Frameworks */ = {
			isa = PBXFrameworksBuildPhase;
			buildActionMask = 2147483647;
			files = (
			);
			runOnlyForDeploymentPostprocessing = 0;
		};
		69812FF5238A072100096F0C /* Frameworks */ = {
			isa = PBXFrameworksBuildPhase;
			buildActionMask = 2147483647;
			files = (
			);
			runOnlyForDeploymentPostprocessing = 0;
		};
/* End PBXFrameworksBuildPhase section */

/* Begin PBXGroup section */
		69812FCC238A071D00096F0C = {
			isa = PBXGroup;
			children = (
				69812FD7238A071D00096F0C /* Just Dance B O I I Controller */,
				69812FED238A072000096F0C /* Just Dance B O I I Controller WatchKit App */,
				69812FFC238A072100096F0C /* Just Dance B O I I Controller WatchKit Extension */,
				69812FD6238A071D00096F0C /* Products */,
			);
			sourceTree = "<group>";
		};
		69812FD6238A071D00096F0C /* Products */ = {
			isa = PBXGroup;
			children = (
				69812FD5238A071D00096F0C /* Just Dance B O I I Controller.app */,
				69812FE9238A072000096F0C /* Just Dance B O I I Controller WatchKit App.app */,
				69812FF8238A072100096F0C /* Just Dance B O I I Controller WatchKit Extension.appex */,
			);
			name = Products;
			sourceTree = "<group>";
		};
		69812FD7238A071D00096F0C /* Just Dance B O I I Controller */ = {
			isa = PBXGroup;
			children = (
				69812FD8238A071D00096F0C /* AppDelegate.swift */,
				69812FDA238A071D00096F0C /* SceneDelegate.swift */,
				69812FDC238A071D00096F0C /* ContentView.swift */,
				69812FDE238A072000096F0C /* Assets.xcassets */,
				69812FE3238A072000096F0C /* LaunchScreen.storyboard */,
				69812FE6238A072000096F0C /* Info.plist */,
				69812FE0238A072000096F0C /* Preview Content */,
			);
			path = "Just Dance B O I I Controller";
			sourceTree = "<group>";
		};
		69812FE0238A072000096F0C /* Preview Content */ = {
			isa = PBXGroup;
			children = (
				69812FE1238A072000096F0C /* Preview Assets.xcassets */,
			);
			path = "Preview Content";
			sourceTree = "<group>";
		};
		69812FED238A072000096F0C /* Just Dance B O I I Controller WatchKit App */ = {
			isa = PBXGroup;
			children = (
				69812FEE238A072000096F0C /* Interface.storyboard */,
				69812FF1238A072100096F0C /* Assets.xcassets */,
				69812FF3238A072100096F0C /* Info.plist */,
			);
			path = "Just Dance B O I I Controller WatchKit App";
			sourceTree = "<group>";
		};
		69812FFC238A072100096F0C /* Just Dance B O I I Controller WatchKit Extension */ = {
			isa = PBXGroup;
			children = (
				69812FFD238A072100096F0C /* ContentView.swift */,
				69812FFF238A072100096F0C /* HostingController.swift */,
				69813001238A072100096F0C /* ExtensionDelegate.swift */,
				69813003238A072100096F0C /* NotificationController.swift */,
				69813005238A072100096F0C /* NotificationView.swift */,
				69813007238A072200096F0C /* Assets.xcassets */,
				6981300C238A072200096F0C /* Info.plist */,
				6981300D238A072200096F0C /* PushNotificationPayload.apns */,
				69813009238A072200096F0C /* Preview Content */,
			);
			path = "Just Dance B O I I Controller WatchKit Extension";
			sourceTree = "<group>";
		};
		69813009238A072200096F0C /* Preview Content */ = {
			isa = PBXGroup;
			children = (
				6981300A238A072200096F0C /* Preview Assets.xcassets */,
			);
			path = "Preview Content";
			sourceTree = "<group>";
		};
/* End PBXGroup section */

/* Begin PBXNativeTarget section */
		69812FD4238A071D00096F0C /* Just Dance B O I I Controller */ = {
			isa = PBXNativeTarget;
			buildConfigurationList = 69813018238A072200096F0C /* Build configuration list for PBXNativeTarget "Just Dance B O I I Controller" */;
			buildPhases = (
				69812FD1238A071D00096F0C /* Sources */,
				69812FD2238A071D00096F0C /* Frameworks */,
				69812FD3238A071D00096F0C /* Resources */,
				69813017238A072200096F0C /* Embed Watch Content */,
			);
			buildRules = (
			);
			dependencies = (
				69812FEC238A072000096F0C /* PBXTargetDependency */,
			);
			name = "Just Dance B O I I Controller";
			productName = "Just Dance B O I I Controller";
			productReference = 69812FD5238A071D00096F0C /* Just Dance B O I I Controller.app */;
			productType = "com.apple.product-type.application";
		};
		69812FE8238A072000096F0C /* Just Dance B O I I Controller WatchKit App */ = {
			isa = PBXNativeTarget;
			buildConfigurationList = 69813014238A072200096F0C /* Build configuration list for PBXNativeTarget "Just Dance B O I I Controller WatchKit App" */;
			buildPhases = (
				69812FE7238A072000096F0C /* Resources */,
				69813013238A072200096F0C /* Embed App Extensions */,
			);
			buildRules = (
			);
			dependencies = (
				69812FFB238A072100096F0C /* PBXTargetDependency */,
			);
			name = "Just Dance B O I I Controller WatchKit App";
			productName = "Just Dance B O I I Controller WatchKit App";
			productReference = 69812FE9238A072000096F0C /* Just Dance B O I I Controller WatchKit App.app */;
			productType = "com.apple.product-type.application.watchapp2";
		};
		69812FF7238A072100096F0C /* Just Dance B O I I Controller WatchKit Extension */ = {
			isa = PBXNativeTarget;
			buildConfigurationList = 69813010238A072200096F0C /* Build configuration list for PBXNativeTarget "Just Dance B O I I Controller WatchKit Extension" */;
			buildPhases = (
				69812FF4238A072100096F0C /* Sources */,
				69812FF5238A072100096F0C /* Frameworks */,
				69812FF6238A072100096F0C /* Resources */,
			);
			buildRules = (
			);
			dependencies = (
			);
			name = "Just Dance B O I I Controller WatchKit Extension";
			productName = "Just Dance B O I I Controller WatchKit Extension";
			productReference = 69812FF8238A072100096F0C /* Just Dance B O I I Controller WatchKit Extension.appex */;
			productType = "com.apple.product-type.watchkit2-extension";
		};
/* End PBXNativeTarget section */

/* Begin PBXProject section */
		69812FCD238A071D00096F0C /* Project object */ = {
			isa = PBXProject;
			attributes = {
				LastSwiftUpdateCheck = 1120;
				LastUpgradeCheck = 1120;
				ORGANIZATIONNAME = "Laksh Bhambhani";
				TargetAttributes = {
					69812FD4238A071D00096F0C = {
						CreatedOnToolsVersion = 11.2.1;
					};
					69812FE8238A072000096F0C = {
						CreatedOnToolsVersion = 11.2.1;
					};
					69812FF7238A072100096F0C = {
						CreatedOnToolsVersion = 11.2.1;
					};
				};
			};
			buildConfigurationList = 69812FD0238A071D00096F0C /* Build configuration list for PBXProject "Just Dance B O I I Controller" */;
			compatibilityVersion = "Xcode 9.3";
			developmentRegion = en;
			hasScannedForEncodings = 0;
			knownRegions = (
				en,
				Base,
			);
			mainGroup = 69812FCC238A071D00096F0C;
			productRefGroup = 69812FD6238A071D00096F0C /* Products */;
			projectDirPath = "";
			projectRoot = "";
			targets = (
				69812FD4238A071D00096F0C /* Just Dance B O I I Controller */,
				69812FE8238A072000096F0C /* Just Dance B O I I Controller WatchKit App */,
				69812FF7238A072100096F0C /* Just Dance B O I I Controller WatchKit Extension */,
			);
		};
/* End PBXProject section */

/* Begin PBXResourcesBuildPhase section */
		69812FD3238A071D00096F0C /* Resources */ = {
			isa = PBXResourcesBuildPhase;
			buildActionMask = 2147483647;
			files = (
				69812FE5238A072000096F0C /* LaunchScreen.storyboard in Resources */,
				69812FE2238A072000096F0C /* Preview Assets.xcassets in Resources */,
				69812FDF238A072000096F0C /* Assets.xcassets in Resources */,
			);
			runOnlyForDeploymentPostprocessing = 0;
		};
		69812FE7238A072000096F0C /* Resources */ = {
			isa = PBXResourcesBuildPhase;
			buildActionMask = 2147483647;
			files = (
				69812FF2238A072100096F0C /* Assets.xcassets in Resources */,
				69812FF0238A072000096F0C /* Interface.storyboard in Resources */,
			);
			runOnlyForDeploymentPostprocessing = 0;
		};
		69812FF6238A072100096F0C /* Resources */ = {
			isa = PBXResourcesBuildPhase;
			buildActionMask = 2147483647;
			files = (
				6981300B238A072200096F0C /* Preview Assets.xcassets in Resources */,
				69813008238A072200096F0C /* Assets.xcassets in Resources */,
			);
			runOnlyForDeploymentPostprocessing = 0;
		};
/* End PBXResourcesBuildPhase section */

/* Begin PBXSourcesBuildPhase section */
		69812FD1238A071D00096F0C /* Sources */ = {
			isa = PBXSourcesBuildPhase;
			buildActionMask = 2147483647;
			files = (
				69812FD9238A071D00096F0C /* AppDelegate.swift in Sources */,
				69812FDB238A071D00096F0C /* SceneDelegate.swift in Sources */,
				69812FDD238A071D00096F0C /* ContentView.swift in Sources */,
			);
			runOnlyForDeploymentPostprocessing = 0;
		};
		69812FF4238A072100096F0C /* Sources */ = {
			isa = PBXSourcesBuildPhase;
			buildActionMask = 2147483647;
			files = (
				69813000238A072100096F0C /* HostingController.swift in Sources */,
				69812FFE238A072100096F0C /* ContentView.swift in Sources */,
				69813004238A072100096F0C /* NotificationController.swift in Sources */,
				69813002238A072100096F0C /* ExtensionDelegate.swift in Sources */,
				69813006238A072100096F0C /* NotificationView.swift in Sources */,
			);
			runOnlyForDeploymentPostprocessing = 0;
		};
/* End PBXSourcesBuildPhase section */

/* Begin PBXTargetDependency section */
		69812FEC238A072000096F0C /* PBXTargetDependency */ = {
			isa = PBXTargetDependency;
			target = 69812FE8238A072000096F0C /* Just Dance B O I I Controller WatchKit App */;
			targetProxy = 69812FEB238A072000096F0C /* PBXContainerItemProxy */;
		};
		69812FFB238A072100096F0C /* PBXTargetDependency */ = {
			isa = PBXTargetDependency;
			target = 69812FF7238A072100096F0C /* Just Dance B O I I Controller WatchKit Extension */;
			targetProxy = 69812FFA238A072100096F0C /* PBXContainerItemProxy */;
		};
/* End PBXTargetDependency section */

/* Begin PBXVariantGroup section */
		69812FE3238A072000096F0C /* LaunchScreen.storyboard */ = {
			isa = PBXVariantGroup;
			children = (
				69812FE4238A072000096F0C /* Base */,
			);
			name = LaunchScreen.storyboard;
			sourceTree = "<group>";
		};
		69812FEE238A072000096F0C /* Interface.storyboard */ = {
			isa = PBXVariantGroup;
			children = (
				69812FEF238A072000096F0C /* Base */,
			);
			name = Interface.storyboard;
			sourceTree = "<group>";
		};
/* End PBXVariantGroup section */

/* Begin XCBuildConfiguration section */
		6981300E238A072200096F0C /* Debug */ = {
			isa = XCBuildConfiguration;
			buildSettings = {
				ALWAYS_SEARCH_USER_PATHS = NO;
				CLANG_ANALYZER_NONNULL = YES;
				CLANG_ANALYZER_NUMBER_OBJECT_CONVERSION = YES_AGGRESSIVE;
				CLANG_CXX_LANGUAGE_STANDARD = "gnu++14";
				CLANG_CXX_LIBRARY = "libc++";
				CLANG_ENABLE_MODULES = YES;
				CLANG_ENABLE_OBJC_ARC = YES;
				CLANG_ENABLE_OBJC_WEAK = YES;
				CLANG_WARN_BLOCK_CAPTURE_AUTORELEASING = YES;
				CLANG_WARN_BOOL_CONVERSION = YES;
				CLANG_WARN_COMMA = YES;
				CLANG_WARN_CONSTANT_CONVERSION = YES;
				CLANG_WARN_DEPRECATED_OBJC_IMPLEMENTATIONS = YES;
				CLANG_WARN_DIRECT_OBJC_ISA_USAGE = YES_ERROR;
				CLANG_WARN_DOCUMENTATION_COMMENTS = YES;
				CLANG_WARN_EMPTY_BODY = YES;
				CLANG_WARN_ENUM_CONVERSION = YES;
				CLANG_WARN_INFINITE_RECURSION = YES;
				CLANG_WARN_INT_CONVERSION = YES;
				CLANG_WARN_NON_LITERAL_NULL_CONVERSION = YES;
				CLANG_WARN_OBJC_IMPLICIT_RETAIN_SELF = YES;
				CLANG_WARN_OBJC_LITERAL_CONVERSION = YES;
				CLANG_WARN_OBJC_ROOT_CLASS = YES_ERROR;
				CLANG_WARN_RANGE_LOOP_ANALYSIS = YES;
				CLANG_WARN_STRICT_PROTOTYPES = YES;
				CLANG_WARN_SUSPICIOUS_MOVE = YES;
				CLANG_WARN_UNGUARDED_AVAILABILITY = YES_AGGRESSIVE;
				CLANG_WARN_UNREACHABLE_CODE = YES;
				CLANG_WARN__DUPLICATE_METHOD_MATCH = YES;
				COPY_PHASE_STRIP = NO;
				DEBUG_INFORMATION_FORMAT = dwarf;
				ENABLE_STRICT_OBJC_MSGSEND = YES;
				ENABLE_TESTABILITY = YES;
				GCC_C_LANGUAGE_STANDARD = gnu11;
				GCC_DYNAMIC_NO_PIC = NO;
				GCC_NO_COMMON_BLOCKS = YES;
				GCC_OPTIMIZATION_LEVEL = 0;
				GCC_PREPROCESSOR_DEFINITIONS = (
					"DEBUG=1",
					"$(inherited)",
				);
				GCC_WARN_64_TO_32_BIT_CONVERSION = YES;
				GCC_WARN_ABOUT_RETURN_TYPE = YES_ERROR;
				GCC_WARN_UNDECLARED_SELECTOR = YES;
				GCC_WARN_UNINITIALIZED_AUTOS = YES_AGGRESSIVE;
				GCC_WARN_UNUSED_FUNCTION = YES;
				GCC_WARN_UNUSED_VARIABLE = YES;
				IPHONEOS_DEPLOYMENT_TARGET = 13.2;
				MTL_ENABLE_DEBUG_INFO = INCLUDE_SOURCE;
				MTL_FAST_MATH = YES;
				ONLY_ACTIVE_ARCH = YES;
				SDKROOT = iphoneos;
				SWIFT_ACTIVE_COMPILATION_CONDITIONS = DEBUG;
				SWIFT_OPTIMIZATION_LEVEL = "-Onone";
			};
			name = Debug;
		};
		6981300F238A072200096F0C /* Release */ = {
			isa = XCBuildConfiguration;
			buildSettings = {
				ALWAYS_SEARCH_USER_PATHS = NO;
				CLANG_ANALYZER_NONNULL = YES;
				CLANG_ANALYZER_NUMBER_OBJECT_CONVERSION = YES_AGGRESSIVE;
				CLANG_CXX_LANGUAGE_STANDARD = "gnu++14";
				CLANG_CXX_LIBRARY = "libc++";
				CLANG_ENABLE_MODULES = YES;
				CLANG_ENABLE_OBJC_ARC = YES;
				CLANG_ENABLE_OBJC_WEAK = YES;
				CLANG_WARN_BLOCK_CAPTURE_AUTORELEASING = YES;
				CLANG_WARN_BOOL_CONVERSION = YES;
				CLANG_WARN_COMMA = YES;
				CLANG_WARN_CONSTANT_CONVERSION = YES;
				CLANG_WARN_DEPRECATED_OBJC_IMPLEMENTATIONS = YES;
				CLANG_WARN_DIRECT_OBJC_ISA_USAGE = YES_ERROR;
				CLANG_WARN_DOCUMENTATION_COMMENTS = YES;
				CLANG_WARN_EMPTY_BODY = YES;
				CLANG_WARN_ENUM_CONVERSION = YES;
				CLANG_WARN_INFINITE_RECURSION = YES;
				CLANG_WARN_INT_CONVERSION = YES;
				CLANG_WARN_NON_LITERAL_NULL_CONVERSION = YES;
				CLANG_WARN_OBJC_IMPLICIT_RETAIN_SELF = YES;
				CLANG_WARN_OBJC_LITERAL_CONVERSION = YES;
				CLANG_WARN_OBJC_ROOT_CLASS = YES_ERROR;
				CLANG_WARN_RANGE_LOOP_ANALYSIS = YES;
				CLANG_WARN_STRICT_PROTOTYPES = YES;
				CLANG_WARN_SUSPICIOUS_MOVE = YES;
				CLANG_WARN_UNGUARDED_AVAILABILITY = YES_AGGRESSIVE;
				CLANG_WARN_UNREACHABLE_CODE = YES;
				CLANG_WARN__DUPLICATE_METHOD_MATCH = YES;
				COPY_PHASE_STRIP = NO;
				DEBUG_INFORMATION_FORMAT = "dwarf-with-dsym";
				ENABLE_NS_ASSERTIONS = NO;
				ENABLE_STRICT_OBJC_MSGSEND = YES;
				GCC_C_LANGUAGE_STANDARD = gnu11;
				GCC_NO_COMMON_BLOCKS = YES;
				GCC_WARN_64_TO_32_BIT_CONVERSION = YES;
				GCC_WARN_ABOUT_RETURN_TYPE = YES_ERROR;
				GCC_WARN_UNDECLARED_SELECTOR = YES;
				GCC_WARN_UNINITIALIZED_AUTOS = YES_AGGRESSIVE;
				GCC_WARN_UNUSED_FUNCTION = YES;
				GCC_WARN_UNUSED_VARIABLE = YES;
				IPHONEOS_DEPLOYMENT_TARGET = 13.2;
				MTL_ENABLE_DEBUG_INFO = NO;
				MTL_FAST_MATH = YES;
				SDKROOT = iphoneos;
				SWIFT_COMPILATION_MODE = wholemodule;
				SWIFT_OPTIMIZATION_LEVEL = "-O";
				VALIDATE_PRODUCT = YES;
			};
			name = Release;
		};
		69813011238A072200096F0C /* Debug */ = {
			isa = XCBuildConfiguration;
			buildSettings = {
				ASSETCATALOG_COMPILER_COMPLICATION_NAME = Complication;
				CODE_SIGN_STYLE = Automatic;
				DEVELOPMENT_ASSET_PATHS = "\"Just Dance B O I I Controller WatchKit Extension/Preview Content\"";
				DEVELOPMENT_TEAM = VLYRN42T84;
				ENABLE_PREVIEWS = YES;
				INFOPLIST_FILE = "Just Dance B O I I Controller WatchKit Extension/Info.plist";
				LD_RUNPATH_SEARCH_PATHS = (
					"$(inherited)",
					"@executable_path/Frameworks",
					"@executable_path/../../Frameworks",
				);
				PRODUCT_BUNDLE_IDENTIFIER = "laksh.Just-Dance-B-O-I-I-Controller.watchkitapp.watchkitextension";
				PRODUCT_NAME = "${TARGET_NAME}";
				SDKROOT = watchos;
				SKIP_INSTALL = YES;
				SWIFT_VERSION = 5.0;
				TARGETED_DEVICE_FAMILY = 4;
				WATCHOS_DEPLOYMENT_TARGET = 6.1;
			};
			name = Debug;
		};
		69813012238A072200096F0C /* Release */ = {
			isa = XCBuildConfiguration;
			buildSettings = {
				ASSETCATALOG_COMPILER_COMPLICATION_NAME = Complication;
				CODE_SIGN_STYLE = Automatic;
				DEVELOPMENT_ASSET_PATHS = "\"Just Dance B O I I Controller WatchKit Extension/Preview Content\"";
				DEVELOPMENT_TEAM = VLYRN42T84;
				ENABLE_PREVIEWS = YES;
				INFOPLIST_FILE = "Just Dance B O I I Controller WatchKit Extension/Info.plist";
				LD_RUNPATH_SEARCH_PATHS = (
					"$(inherited)",
					"@executable_path/Frameworks",
					"@executable_path/../../Frameworks",
				);
				PRODUCT_BUNDLE_IDENTIFIER = "laksh.Just-Dance-B-O-I-I-Controller.watchkitapp.watchkitextension";
				PRODUCT_NAME = "${TARGET_NAME}";
				SDKROOT = watchos;
				SKIP_INSTALL = YES;
				SWIFT_VERSION = 5.0;
				TARGETED_DEVICE_FAMILY = 4;
				WATCHOS_DEPLOYMENT_TARGET = 6.1;
			};
			name = Release;
		};
		69813015238A072200096F0C /* Debug */ = {
			isa = XCBuildConfiguration;
			buildSettings = {
				ALWAYS_EMBED_SWIFT_STANDARD_LIBRARIES = YES;
				ASSETCATALOG_COMPILER_APPICON_NAME = AppIcon;
				CODE_SIGN_STYLE = Automatic;
				DEVELOPMENT_TEAM = VLYRN42T84;
				IBSC_MODULE = Just_Dance_B_O_I_I_Controller_WatchKit_Extension;
				INFOPLIST_FILE = "Just Dance B O I I Controller WatchKit App/Info.plist";
				PRODUCT_BUNDLE_IDENTIFIER = "laksh.Just-Dance-B-O-I-I-Controller.watchkitapp";
				PRODUCT_NAME = "$(TARGET_NAME)";
				SDKROOT = watchos;
				SKIP_INSTALL = YES;
				SWIFT_VERSION = 5.0;
				TARGETED_DEVICE_FAMILY = 4;
				WATCHOS_DEPLOYMENT_TARGET = 6.1;
			};
			name = Debug;
		};
		69813016238A072200096F0C /* Release */ = {
			isa = XCBuildConfiguration;
			buildSettings = {
				ALWAYS_EMBED_SWIFT_STANDARD_LIBRARIES = YES;
				ASSETCATALOG_COMPILER_APPICON_NAME = AppIcon;
				CODE_SIGN_STYLE = Automatic;
				DEVELOPMENT_TEAM = VLYRN42T84;
				IBSC_MODULE = Just_Dance_B_O_I_I_Controller_WatchKit_Extension;
				INFOPLIST_FILE = "Just Dance B O I I Controller WatchKit App/Info.plist";
				PRODUCT_BUNDLE_IDENTIFIER = "laksh.Just-Dance-B-O-I-I-Controller.watchkitapp";
				PRODUCT_NAME = "$(TARGET_NAME)";
				SDKROOT = watchos;
				SKIP_INSTALL = YES;
				SWIFT_VERSION = 5.0;
				TARGETED_DEVICE_FAMILY = 4;
				WATCHOS_DEPLOYMENT_TARGET = 6.1;
			};
			name = Release;
		};
		69813019238A072200096F0C /* Debug */ = {
			isa = XCBuildConfiguration;
			buildSettings = {
				ASSETCATALOG_COMPILER_APPICON_NAME = AppIcon;
				CODE_SIGN_STYLE = Automatic;
				DEVELOPMENT_ASSET_PATHS = "\"Just Dance B O I I Controller/Preview Content\"";
				DEVELOPMENT_TEAM = VLYRN42T84;
				ENABLE_PREVIEWS = YES;
				INFOPLIST_FILE = "Just Dance B O I I Controller/Info.plist";
				LD_RUNPATH_SEARCH_PATHS = (
					"$(inherited)",
					"@executable_path/Frameworks",
				);
				PRODUCT_BUNDLE_IDENTIFIER = "laksh.Just-Dance-B-O-I-I-Controller";
				PRODUCT_NAME = "$(TARGET_NAME)";
				SWIFT_VERSION = 5.0;
				TARGETED_DEVICE_FAMILY = "1,2";
			};
			name = Debug;
		};
		6981301A238A072200096F0C /* Release */ = {
			isa = XCBuildConfiguration;
			buildSettings = {
				ASSETCATALOG_COMPILER_APPICON_NAME = AppIcon;
				CODE_SIGN_STYLE = Automatic;
				DEVELOPMENT_ASSET_PATHS = "\"Just Dance B O I I Controller/Preview Content\"";
				DEVELOPMENT_TEAM = VLYRN42T84;
				ENABLE_PREVIEWS = YES;
				INFOPLIST_FILE = "Just Dance B O I I Controller/Info.plist";
				LD_RUNPATH_SEARCH_PATHS = (
					"$(inherited)",
					"@executable_path/Frameworks",
				);
				PRODUCT_BUNDLE_IDENTIFIER = "laksh.Just-Dance-B-O-I-I-Controller";
				PRODUCT_NAME = "$(TARGET_NAME)";
				SWIFT_VERSION = 5.0;
				TARGETED_DEVICE_FAMILY = "1,2";
			};
			name = Release;
		};
/* End XCBuildConfiguration section */

/* Begin XCConfigurationList section */
		69812FD0238A071D00096F0C /* Build configuration list for PBXProject "Just Dance B O I I Controller" */ = {
			isa = XCConfigurationList;
			buildConfigurations = (
				6981300E238A072200096F0C /* Debug */,
				6981300F238A072200096F0C /* Release */,
			);
			defaultConfigurationIsVisible = 0;
			defaultConfigurationName = Release;
		};
		69813010238A072200096F0C /* Build configuration list for PBXNativeTarget "Just Dance B O I I Controller WatchKit Extension" */ = {
			isa = XCConfigurationList;
			buildConfigurations = (
				69813011238A072200096F0C /* Debug */,
				69813012238A072200096F0C /* Release */,
			);
			defaultConfigurationIsVisible = 0;
			defaultConfigurationName = Release;
		};
		69813014238A072200096F0C /* Build configuration list for PBXNativeTarget "Just Dance B O I I Controller WatchKit App" */ = {
			isa = XCConfigurationList;
			buildConfigurations = (
				69813015238A072200096F0C /* Debug */,
				69813016238A072200096F0C /* Release */,
			);
			defaultConfigurationIsVisible = 0;
			defaultConfigurationName = Release;
		};
		69813018238A072200096F0C /* Build configuration list for PBXNativeTarget "Just Dance B O I I Controller" */ = {
			isa = XCConfigurationList;
			buildConfigurations = (
				69813019238A072200096F0C /* Debug */,
				6981301A238A072200096F0C /* Release */,
			);
			defaultConfigurationIsVisible = 0;
			defaultConfigurationName = Release;
		};
/* End XCConfigurationList section */
	};
	rootObject = 69812FCD238A071D00096F0C /* Project object */;
}
